{
  "originHash" : "adc8f8cca46b10c766adcbeb90c2f5966edf32e546ec1494b50e5764018dc1c2",
  "pins" : [
    {
      "identity" : "swift-algorithms",
      "kind" : "remoteSourceControl",
      "location" : "https://github.com/apple/swift-algorithms.git",
      "state" : {
        "revision" : "87e50f483c54e6efd60e885f7f5aa946cee68023",
        "version" : "1.2.1"
      }
    },
    {
      "identity" : "swift-collections",
      "kind" : "remoteSourceControl",
      "location" : "https://github.com/apple/swift-collections.git",
      "state" : {
        "revision" : "8c0c0a8b49e080e54e5e328cc552821ff07cd341",
        "version" : "1.2.1"
      }
    },
    {
      "identity" : "swift-nonempty",
      "kind" : "remoteSourceControl",
      "location" : "https://github.com/iDmitriyy/swift-nonempty.git",
      "state" : {
        "branch" : "SwiftCollectionsAdditions",
        "revision" : "9586bc2dbf2bbc9fb8ada49637af4fdb57a4a7d8"
      }
    },
    {
      "identity" : "swift-numerics",
      "kind" : "remoteSourceControl",
      "location" : "https://github.com/apple/swift-numerics.git",
      "state" : {
        "revision" : "e0ec0f5f3af6f3e4d5e7a19d2af26b481acb6ba8",
        "version" : "1.0.3"
      }
    },
    {
      "identity" : "swift-syntax",
      "kind" : "remoteSourceControl",
      "location" : "https://github.com/apple/swift-syntax.git",
      "state" : {
        "revision" : "f99ae8aa18f0cf0d53481901f88a0991dc3bd4a2",
        "version" : "601.0.1"
      }
    },
    {
      "identity" : "swiftcollections-nonempty",
      "kind" : "remoteSourceControl",
      "location" : "https://github.com/iDmitriyy/SwiftCollections-NonEmpty.git",
      "state" : {
        "branch" : "main",
        "revision" : "916261cd8dc85d6654bd0bdbc1f65db975e4306f"
      }
    }
  ],
  "version" : 3
}
